
Microsoft Visual Studio Solution File, Format Version 12.00
# Visual Studio Version 18
VisualStudioVersion = 18.3.11222.16 d18.3
MinimumVisualStudioVersion = 10.0.40219.1
Project("{FAE04EC0-301F-11D3-BF4B-00C04F79EFBC}") = "aspire-dacfx", "aspire-dacfx.csproj", "{BA09723E-5A84-FBDA-815B-DFEE9BC6EF40}"
EndProject
Global
	GlobalSection(SolutionConfigurationPlatforms) = preSolution
		Debug|Any CPU = Debug|Any CPU
		Release|Any CPU = Release|Any CPU
	EndGlobalSection
	GlobalSection(ProjectConfigurationPlatforms) = postSolution
		{BA09723E-5A84-FBDA-815B-DFEE9BC6EF40}.Debug|Any CPU.ActiveCfg = Debug|Any CPU
		{BA09723E-5A84-FBDA-815B-DFEE9BC6EF40}.Debug|Any CPU.Build.0 = Debug|Any CPU
		{BA09723E-5A84-FBDA-815B-DFEE9BC6EF40}.Release|Any CPU.ActiveCfg = Release|Any CPU
		{BA09723E-5A84-FBDA-815B-DFEE9BC6EF40}.Release|Any CPU.Build.0 = Release|Any CPU
	EndGlobalSection
	GlobalSection(SolutionProperties) = preSolution
		HideSolutionNode = FALSE
	EndGlobalSection
	GlobalSection(ExtensibilityGlobals) = postSolution
		SolutionGuid = {A0DE5C23-84B4-49D9-A956-BDF022FDF7F6}
	EndGlobalSection
EndGlobal
